Microsoft Visual Studio Solution File, Format Version 12.00
# Visual Studio Version 17
VisualStudioVersion = 17.5.2.0
MinimumVisualStudioVersion = 10.0.40219.1
Project("{FAE04EC0-301F-11D3-BF4B-00C04F79EFBC}") = "Code.Parts.Api", "Code.Parts.Api.csproj", "{732B4595-117B-6EF5-38D6-8C455DF114FC}"
EndProject
Global
	GlobalSection(SolutionConfigurationPlatforms) = preSolution
		Debug|Any CPU = Debug|Any CPU
		Release|Any CPU = Release|Any CPU
	EndGlobalSection
	GlobalSection(ProjectConfigurationPlatforms) = postSolution
		{732B4595-117B-6EF5-38D6-8C455DF114FC}.Debug|Any CPU.ActiveCfg = Debug|Any CPU
		{732B4595-117B-6EF5-38D6-8C455DF114FC}.Debug|Any CPU.Build.0 = Debug|Any CPU
		{732B4595-117B-6EF5-38D6-8C455DF114FC}.Release|Any CPU.ActiveCfg = Release|Any CPU
		{732B4595-117B-6EF5-38D6-8C455DF114FC}.Release|Any CPU.Build.0 = Release|Any CPU
	EndGlobalSection
	GlobalSection(SolutionProperties) = preSolution
		HideSolutionNode = FALSE
	EndGlobalSection
	GlobalSection(ExtensibilityGlobals) = postSolution
		SolutionGuid = {E3676A81-2691-4921-97ED-51E597E43618}
	EndGlobalSection
EndGlobal
